
Microsoft Visual Studio Solution File, Format Version 12.00
# Visual Studio 2013
VisualStudioVersion = 12.0.21005.1
MinimumVisualStudioVersion = 10.0.40219.1
Project("{FAE04EC0-301F-11D3-BF4B-00C04F79EFBC}") = "sklepInternetowy", "sklepInternetowy\sklepInternetowy.csproj", "{67F13927-CCFB-4843-9556-3A377C7AD444}"
EndProject
Project("{FAE04EC0-301F-11D3-BF4B-00C04F79EFBC}") = "sklepInternetowy.Tests", "sklepInternetowy.Tests\sklepInternetowy.Tests.csproj", "{8904985B-5C2A-499A-B08C-9FD56B91C4A2}"
EndProject
Global
	GlobalSection(SolutionConfigurationPlatforms) = preSolution
		Debug|Any CPU = Debug|Any CPU
		Release|Any CPU = Release|Any CPU
	EndGlobalSection
	GlobalSection(ProjectConfigurationPlatforms) = postSolution
		{67F13927-CCFB-4843-9556-3A377C7AD444}.Debug|Any CPU.ActiveCfg = Debug|Any CPU
		{67F13927-CCFB-4843-9556-3A377C7AD444}.Debug|Any CPU.Build.0 = Debug|Any CPU
		{67F13927-CCFB-4843-9556-3A377C7AD444}.Release|Any CPU.ActiveCfg = Release|Any CPU
		{67F13927-CCFB-4843-9556-3A377C7AD444}.Release|Any CPU.Build.0 = Release|Any CPU
		{8904985B-5C2A-499A-B08C-9FD56B91C4A2}.Debug|Any CPU.ActiveCfg = Debug|Any CPU
		{8904985B-5C2A-499A-B08C-9FD56B91C4A2}.Debug|Any CPU.Build.0 = Debug|Any CPU
		{8904985B-5C2A-499A-B08C-9FD56B91C4A2}.Release|Any CPU.ActiveCfg = Release|Any CPU
		{8904985B-5C2A-499A-B08C-9FD56B91C4A2}.Release|Any CPU.Build.0 = Release|Any CPU
	EndGlobalSection
	GlobalSection(SolutionProperties) = preSolution
		HideSolutionNode = FALSE
	EndGlobalSection
EndGlobal
